
Microsoft Visual Studio Solution File, Format Version 12.00
# Visual Studio Version 17
VisualStudioVersion = 17.10.35027.167
MinimumVisualStudioVersion = 10.0.40219.1
Project("{FAE04EC0-301F-11D3-BF4B-00C04F79EFBC}") = "StudentPortal.Web", "StudentPortal.Web\StudentPortal.Web.csproj", "{38913481-4C44-4441-A7D8-E8AF8692FF82}"
EndProject
Global
	GlobalSection(SolutionConfigurationPlatforms) = preSolution
		Debug|Any CPU = Debug|Any CPU
		Release|Any CPU = Release|Any CPU
	EndGlobalSection
	GlobalSection(ProjectConfigurationPlatforms) = postSolution
		{38913481-4C44-4441-A7D8-E8AF8692FF82}.Debug|Any CPU.ActiveCfg = Debug|Any CPU
		{38913481-4C44-4441-A7D8-E8AF8692FF82}.Debug|Any CPU.Build.0 = Debug|Any CPU
		{38913481-4C44-4441-A7D8-E8AF8692FF82}.Release|Any CPU.ActiveCfg = Release|Any CPU
		{38913481-4C44-4441-A7D8-E8AF8692FF82}.Release|Any CPU.Build.0 = Release|Any CPU
	EndGlobalSection
	GlobalSection(SolutionProperties) = preSolution
		HideSolutionNode = FALSE
	EndGlobalSection
	GlobalSection(ExtensibilityGlobals) = postSolution
		SolutionGuid = {165C7833-9D7E-46DB-B6AD-3436D7E243A1}
	EndGlobalSection
EndGlobal
